<?xml version="1.0" encoding="utf-8"?>
<Project ToolsVersion="4.0" xmlns="http://schemas.microsoft.com/developer/msbuild/2003">
  <ItemGroup>
    <Filter Include="Source Files">
      <UniqueIdentifier>{4FC737F1-C7A5-4376-A066-2A32D752A2FF}</UniqueIdentifier>
      <Extensions>cpp;c;cc;cxx;c++;cppm;ixx;def;odl;idl;hpj;bat;asm;asmx</Extensions>
    </Filter>
    <Filter Include="Header Files">
      <UniqueIdentifier>{93995380-89BD-4b04-88EB-625FBE52EBFB}</UniqueIdentifier>
      <Extensions>h;hh;hpp;hxx;h++;hm;inl;inc;ipp;xsd</Extensions>
    </Filter>
    <Filter Include="Resource Files">
      <UniqueIdentifier>{67DA6AB6-F800-4c08-8B7A-83BB121AAD01}</UniqueIdentifier>
      <Extensions>rc;ico;cur;bmp;dlg;rc2;rct;bin;rgs;gif;jpg;jpeg;jpe;resx;tiff;tif;png;wav;mfcribbon-ms</Extensions>
    </Filter>
    <Filter Include="tests">
      <UniqueIdentifier>{33da4c50-30d4-49a0-9747-640506f0c40c}</UniqueIdentifier>
    </Filter>
  </ItemGroup>
  <ItemGroup>
    <ClCompile Include="main.c">
      <Filter>Source Files</Filter>
    </ClCompile>
  </ItemGroup>
  <ItemGroup>
    <None Include="test.cmd" />
    <None Include="problem_statement.md" />
  </ItemGroup>
  <ItemGroup>
    <Text Include="tests\input1.txt">
      <Filter>tests</Filter>
    </Text>
    <Text Include="tests\output1.txt">
      <Filter>tests</Filter>
    </Text>
    <Text Include="tests\input2.txt">
      <Filter>tests</Filter>
    </Text>
    <Text Include="tests\output2.txt">
      <Filter>tests</Filter>
    </Text>
    <Text Include="tests\input3.txt">
      <Filter>tests</Filter>
    </Text>
    <Text Include="tests\output3.txt">
      <Filter>tests</Filter>
    </Text>
    <Text Include="tests\input4.txt">
      <Filter>tests</Filter>
    </Text>
    <Text Include="tests\output4.txt">
      <Filter>tests</Filter>
    </Text>
    <Text Include="tests\input5.txt">
      <Filter>tests</Filter>
    </Text>
    <Text Include="tests\output5.txt">
      <Filter>tests</Filter>
    </Text>
    <Text Include="tests\input6.txt">
      <Filter>tests</Filter>
    </Text>
    <Text Include="tests\output6.txt">
      <Filter>tests</Filter>
    </Text>
  </ItemGroup>
</Project>
